{
  "version": 1,
  "dependencies": {
    "net8.0": {
      "CraftedSolutions.MarBasBrokerSQLCommon": {
        "type": "Direct",
        "requested": "[0.1.24.3, )",
        "resolved": "0.1.24.3",
        "contentHash": "DL8V0m2BnGAhYn/UIo3QPzVI254ZiPVtvx3hKGt/FEKj+k5KIJa+nbJLtmsuTZWvt3Xpwjekj2tM7xOwSwteig==",
        "dependencies": {
          "CraftedSolutions.MarBasCommon": "0.1.24.3",
          "CraftedSolutions.MarBasSchema": "0.1.24.3",
          "Microsoft.Extensions.Configuration": "10.0.10",
          "System.Linq.Async": "7.0.1"
        }
      },
      "Npgsql": {
        "type": "Direct",
        "requested": "[10.0.3, )",
        "resolved": "10.0.3",
        "contentHash": "7nb5YzXuvWWJxB0J8DiyL3we+X4FOctZrt0fIBnucOIaIevFEEwGQVZKtiu9olXdlNAK1eNgqSral6r/jlhI4w==",
        "dependencies": {
          "Microsoft.Extensions.Logging.Abstractions": "8.0.0",
          "System.Diagnostics.DiagnosticSource": "9.0.11"
        }
      },
      "CraftedSolutions.MarBasCommon": {
        "type": "Transitive",
        "resolved": "0.1.24.3",
        "contentHash": "yBNgTzoR9DlRn4tPx98o399XNka0bolXhaiamNxrmcokPwuuWE5MR2tyzq1K9bd3VxnFsR2ns46QlwFlCTh8hg==",
        "dependencies": {
          "Microsoft.Extensions.Configuration.Abstractions": "10.0.10"
        }
      },
      "CraftedSolutions.MarBasSchema": {
        "type": "Transitive",
        "resolved": "0.1.24.3",
        "contentHash": "/kzEswrEFaGgf1nVn11kLdDO/Qf1rvruKHUASHtkyIV6JvRpvj9GT2qeWt1NuUUHV7U8dr9WcJ7jDQHOBnNCoQ==",
        "dependencies": {
          "CraftedSolutions.MarBasCommon": "0.1.24.3",
          "Microsoft.Extensions.Configuration.Abstractions": "10.0.10",
          "Microsoft.Extensions.Configuration.Binder": "10.0.10",
          "Microsoft.Extensions.DependencyModel": "10.0.10",
          "Microsoft.Extensions.Logging.Abstractions": "10.0.10",
          "Microsoft.Extensions.Options": "10.0.10"
        }
      },
      "Microsoft.Extensions.Configuration": {
        "type": "Transitive",
        "resolved": "10.0.10",
        "contentHash": "plJWK2zpWuuyxI8F8s2scx6Je7N1Ajjs6HvYUGKwRnDMWIVIz9FHwAkiT7ASgrvAOd10T0FPVlh9BzAJJME+jg==",
        "dependencies": {
          "Microsoft.Extensions.Configuration.Abstractions": "10.0.10",
          "Microsoft.Extensions.Primitives": "10.0.10"
        }
      },
      "Microsoft.Extensions.Configuration.Abstractions": {
        "type": "Transitive",
        "resolved": "10.0.10",
        "contentHash": "5Vnd2I75DmZCVEjSynIdJ/0EGafgnLQwgR3t2C2/fkjx/nRG+cLwxLLdInoHeCEpkD5K4Ov/g9ZCRYrl4TRsaA==",
        "dependencies": {
          "Microsoft.Extensions.Primitives": "10.0.10"
        }
      },
      "Microsoft.Extensions.Configuration.Binder": {
        "type": "Transitive",
        "resolved": "10.0.10",
        "contentHash": "GqmN2o1CkJvk7uWp+p4CwBYW0w/zfoEbvsiFDbO2G8l1Uz+mrDAbAcZiXhU2lufKPby1cjAUdd5GTWpebYOkOA==",
        "dependencies": {
          "Microsoft.Extensions.Configuration": "10.0.10",
          "Microsoft.Extensions.Configuration.Abstractions": "10.0.10"
        }
      },
      "Microsoft.Extensions.DependencyInjection.Abstractions": {
        "type": "Transitive",
        "resolved": "10.0.10",
        "contentHash": "z/2xXlFw2aLGjHyEm6E0tQ+In6VfzQzTrtArbQ2c0TQE16ZbyDCMGPvaUT9I0s8rgy9sRWlU2P9waW37qV04qA=="
      },
      "Microsoft.Extensions.DependencyModel": {
        "type": "Transitive",
        "resolved": "10.0.10",
        "contentHash": "rfZA1RjR021RPqSmIPovfz2aOd79TGqJ9BengbjnzIISOVwjLmuSDnhCMmiY/1c6iYvGolQ1iNGzkav0u11XEA==",
        "dependencies": {
          "System.Text.Encodings.Web": "10.0.10",
          "System.Text.Json": "10.0.10"
        }
      },
      "Microsoft.Extensions.Logging.Abstractions": {
        "type": "Transitive",
        "resolved": "10.0.10",
        "contentHash": "zkFxGYUvdxAvIKTyXHrmW+Sux53D4SezD9dMyZ6hrwwzPQJNuwCRy1f5W7AvYTqacEGhWF2XderRQG1OvbV8og==",
        "dependencies": {
          "Microsoft.Extensions.DependencyInjection.Abstractions": "10.0.10",
          "System.Diagnostics.DiagnosticSource": "10.0.10"
        }
      },
      "Microsoft.Extensions.Options": {
        "type": "Transitive",
        "resolved": "10.0.10",
        "contentHash": "srnhnk7nE8krBiIXp71LvBmKBtraBONWSRzdjJgRv1Ko9Mp8IVNqv4vIS9hGeVteBig8aQkva9ZG+sC+o5sVcA==",
        "dependencies": {
          "Microsoft.Extensions.DependencyInjection.Abstractions": "10.0.10",
          "Microsoft.Extensions.Primitives": "10.0.10"
        }
      },
      "Microsoft.Extensions.Primitives": {
        "type": "Transitive",
        "resolved": "10.0.10",
        "contentHash": "5wu/GrYVd8mG2DVUw3vFJzF+O336TyTGg/Kmcgw9bfwYhCoFiV5lR5QeEmKecJyrW4W54nMfD3p3589E8a7czQ=="
      },
      "System.Diagnostics.DiagnosticSource": {
        "type": "Transitive",
        "resolved": "10.0.10",
        "contentHash": "cjtKi6ERMYWp6b9UTVPcwDT29PjKDtlM3W9OwnWL5abRsI8ku42Q2wqZoLIIXJnT/XF2s2CjuK8Nl4a3mmTxQQ=="
      },
      "System.Interactive.Async": {
        "type": "Transitive",
        "resolved": "7.0.1",
        "contentHash": "oL1iox7sAJL8i+muGzVMQjDB0axQgOoT5CkwYdap8cQJMkWDWMRErNqhOcZkn31+aKr/uCfgMEdhUARCU4G7gg==",
        "dependencies": {
          "System.Linq.AsyncEnumerable": "10.0.6"
        }
      },
      "System.IO.Pipelines": {
        "type": "Transitive",
        "resolved": "10.0.10",
        "contentHash": "7WX0W96y3dpQdYG4sEGdh38g3/0lOD4/dKbn2rRVOVzKhzoZUn2gKNIKaFeKWs8RCbpFfmmEWsRhSy95hMpvqA=="
      },
      "System.Linq.Async": {
        "type": "Transitive",
        "resolved": "7.0.1",
        "contentHash": "gwQtBHVY/WgqWgAYSe4JspXR+f1FvMbVIW4ixsJpGV/Kj8Nun3zp1ajIdvCWfmac8ektJGVLiJ/OR8JU9nZnMg==",
        "dependencies": {
          "System.Interactive.Async": "7.0.1",
          "System.Linq.AsyncEnumerable": "10.0.6"
        }
      },
      "System.Linq.AsyncEnumerable": {
        "type": "Transitive",
        "resolved": "10.0.6",
        "contentHash": "1Ttf7dyLoKXks2bVBVULmDPOSjxaMEE3JRTe/KGEJl3rfepCc4ipUEGMIKa/iBKLSN8rjEedF8Qv3UCtiwaDBw=="
      },
      "System.Text.Encodings.Web": {
        "type": "Transitive",
        "resolved": "10.0.10",
        "contentHash": "o16m2YpDN/pjHsnxf9pTGwkpcuvjW8v1/wGUwJtM1c3QZUKm7ZEO/eYRJg7iIx6GxS2Zv9lAMHpiQwHDdgqauA=="
      },
      "System.Text.Json": {
        "type": "Transitive",
        "resolved": "10.0.10",
        "contentHash": "bmsO6UdYtBdtn32zYXfsh7KlyTIzV/3V9hdT9RIb4pXKgYOsNxXR+VbWigNwBtNFVGYGm6Hwmqw5a+/IWFd36Q==",
        "dependencies": {
          "System.IO.Pipelines": "10.0.10",
          "System.Text.Encodings.Web": "10.0.10"
        }
      }
    }
  }
}